
Microsoft Visual Studio Solution File, Format Version 12.00
# Visual Studio Version 17
VisualStudioVersion = 17.5.002.0
MinimumVisualStudioVersion = 10.0.40219.1
Project("{9A19103F-16F7-4668-BE54-9A1E7A4F7556}") = "DotnetDocker.Console", "DotnetDocker.Console\DotnetDocker.Console.csproj", "{93DAC351-4585-4514-B490-5656AEDAD7AD}"
EndProject
Project("{9A19103F-16F7-4668-BE54-9A1E7A4F7556}") = "DotnetDocker.Console.Test", "DotnetDocker.Console.Test\DotnetDocker.Console.Test.csproj", "{462CC16B-8CED-498F-8E82-45013CE83AC6}"
EndProject
Global
	GlobalSection(SolutionConfigurationPlatforms) = preSolution
		Debug|Any CPU = Debug|Any CPU
		Release|Any CPU = Release|Any CPU
	EndGlobalSection
	GlobalSection(ProjectConfigurationPlatforms) = postSolution
		{93DAC351-4585-4514-B490-5656AEDAD7AD}.Debug|Any CPU.ActiveCfg = Debug|Any CPU
		{93DAC351-4585-4514-B490-5656AEDAD7AD}.Debug|Any CPU.Build.0 = Debug|Any CPU
		{93DAC351-4585-4514-B490-5656AEDAD7AD}.Release|Any CPU.ActiveCfg = Release|Any CPU
		{93DAC351-4585-4514-B490-5656AEDAD7AD}.Release|Any CPU.Build.0 = Release|Any CPU
		{462CC16B-8CED-498F-8E82-45013CE83AC6}.Debug|Any CPU.ActiveCfg = Debug|Any CPU
		{462CC16B-8CED-498F-8E82-45013CE83AC6}.Debug|Any CPU.Build.0 = Debug|Any CPU
		{462CC16B-8CED-498F-8E82-45013CE83AC6}.Release|Any CPU.ActiveCfg = Release|Any CPU
		{462CC16B-8CED-498F-8E82-45013CE83AC6}.Release|Any CPU.Build.0 = Release|Any CPU
	EndGlobalSection
	GlobalSection(SolutionProperties) = preSolution
		HideSolutionNode = FALSE
	EndGlobalSection
	GlobalSection(ExtensibilityGlobals) = postSolution
		SolutionGuid = {8B845498-9D9E-497D-9529-D84D4F19EC4C}
	EndGlobalSection
EndGlobal
